
Microsoft Visual Studio Solution File, Format Version 12.00
# Visual Studio 15
VisualStudioVersion = 15.0.28307.106
MinimumVisualStudioVersion = 10.0.40219.1
Project("{FAE04EC0-301F-11D3-BF4B-00C04F79EFBC}") = "SportNews.Server", "SportNews.Server\SportNews.Server.csproj", "{3C4617AC-1574-4651-B70C-D72000B7C622}"
EndProject
Project("{FAE04EC0-301F-11D3-BF4B-00C04F79EFBC}") = "SportNews.Client", "SportNews.Client\SportNews.Client.csproj", "{B13B020E-F30C-44BF-91A0-2C39ADEF38EE}"
EndProject
Project("{FAE04EC0-301F-11D3-BF4B-00C04F79EFBC}") = "SportNews.Shared", "SportNews.Shared\SportNews.Shared.csproj", "{00A410B2-5288-4AB8-8A7F-5DCCA250F509}"
EndProject
Global
	GlobalSection(SolutionConfigurationPlatforms) = preSolution
		Debug|Any CPU = Debug|Any CPU
		Release|Any CPU = Release|Any CPU
	EndGlobalSection
	GlobalSection(ProjectConfigurationPlatforms) = postSolution
		{3C4617AC-1574-4651-B70C-D72000B7C622}.Debug|Any CPU.ActiveCfg = Debug|Any CPU
		{3C4617AC-1574-4651-B70C-D72000B7C622}.Debug|Any CPU.Build.0 = Debug|Any CPU
		{3C4617AC-1574-4651-B70C-D72000B7C622}.Release|Any CPU.ActiveCfg = Release|Any CPU
		{3C4617AC-1574-4651-B70C-D72000B7C622}.Release|Any CPU.Build.0 = Release|Any CPU
		{B13B020E-F30C-44BF-91A0-2C39ADEF38EE}.Debug|Any CPU.ActiveCfg = Debug|Any CPU
		{B13B020E-F30C-44BF-91A0-2C39ADEF38EE}.Debug|Any CPU.Build.0 = Debug|Any CPU
		{B13B020E-F30C-44BF-91A0-2C39ADEF38EE}.Release|Any CPU.ActiveCfg = Release|Any CPU
		{B13B020E-F30C-44BF-91A0-2C39ADEF38EE}.Release|Any CPU.Build.0 = Release|Any CPU
		{00A410B2-5288-4AB8-8A7F-5DCCA250F509}.Debug|Any CPU.ActiveCfg = Debug|Any CPU
		{00A410B2-5288-4AB8-8A7F-5DCCA250F509}.Debug|Any CPU.Build.0 = Debug|Any CPU
		{00A410B2-5288-4AB8-8A7F-5DCCA250F509}.Release|Any CPU.ActiveCfg = Release|Any CPU
		{00A410B2-5288-4AB8-8A7F-5DCCA250F509}.Release|Any CPU.Build.0 = Release|Any CPU
	EndGlobalSection
	GlobalSection(SolutionProperties) = preSolution
		HideSolutionNode = FALSE
	EndGlobalSection
	GlobalSection(ExtensibilityGlobals) = postSolution
		SolutionGuid = {DBAECAEE-507F-460B-B72F-FB629F327DD8}
	EndGlobalSection
EndGlobal
